PODS:
  - Commander (0.2.2)
  - PathKit (0.5.0)
  - Stencil (0.3.0):
    - PathKit (~> 0.5.0)

DEPENDENCIES:
  - Commander (from `..`)
  - Stencil (from `https://github.com/kylef/Stencil`)

EXTERNAL SOURCES:
  Commander:
    :path: ..
  Stencil:
    :git: https://github.com/kylef/Stencil

CHECKOUT OPTIONS:
  Stencil:
    :commit: 1136ca8fca8951e9552fc099123905c9c0f5577f
    :git: https://github.com/kylef/Stencil

SPEC CHECKSUMS:
  Commander: 3634740c4e1ed3a76ff55426424950e4c8a822e0
  PathKit: 64e70cb924d6faed9251049f5f28662855524baf
  Stencil: 90ce766d6dba53380832692541403e27297337db

COCOAPODS: 0.38.2
