PODS:
  - Commander (0.2.2)
  - PathKit (0.5.0)
  - Stencil (0.3.0):
    - PathKit (~> 0.5.0)

DEPENDENCIES:
  - Commander (from `..`)
  - Stencil (from `https://github.com/kylef/Stencil`)

EXTERNAL SOURCES:
  Commander:
    :path: ..
  Stencil:
    :git: https://github.com/kylef/Stencil

CHECKOUT OPTIONS:
  Stencil:
    :commit: d5acc7298ce73c990d108b363a1f1fc1a003f05d
    :git: https://github.com/kylef/Stencil

SPEC CHECKSUMS:
  Commander: 704edbe645c2454f27e241bad5d775997793b9f6
  PathKit: 64e70cb924d6faed9251049f5f28662855524baf
  Stencil: a3def3541e6a76eff3bb1f85af622b07b230c575

COCOAPODS: 0.39.0
